
Microsoft Visual Studio Solution File, Format Version 12.00
# Visual Studio Version 17
VisualStudioVersion = 17.8.34316.72
MinimumVisualStudioVersion = 10.0.40219.1
Project("{FAE04EC0-301F-11D3-BF4B-00C04F79EFBC}") = "FolderExport", "FolderExport\FolderExport.csproj", "{5F20F687-C601-43F4-8D4E-1DD254D7F89C}"
EndProject
Global
	GlobalSection(SolutionConfigurationPlatforms) = preSolution
		Debug|Any CPU = Debug|Any CPU
		Release|Any CPU = Release|Any CPU
	EndGlobalSection
	GlobalSection(ProjectConfigurationPlatforms) = postSolution
		{5F20F687-C601-43F4-8D4E-1DD254D7F89C}.Debug|Any CPU.ActiveCfg = Debug|Any CPU
		{5F20F687-C601-43F4-8D4E-1DD254D7F89C}.Debug|Any CPU.Build.0 = Debug|Any CPU
		{5F20F687-C601-43F4-8D4E-1DD254D7F89C}.Release|Any CPU.ActiveCfg = Release|Any CPU
		{5F20F687-C601-43F4-8D4E-1DD254D7F89C}.Release|Any CPU.Build.0 = Release|Any CPU
	EndGlobalSection
	GlobalSection(SolutionProperties) = preSolution
		HideSolutionNode = FALSE
	EndGlobalSection
	GlobalSection(ExtensibilityGlobals) = postSolution
		SolutionGuid = {B3707829-E3A8-4F5A-A1A4-66FB42E3F4D7}
	EndGlobalSection
EndGlobal
